<?xml version="1.0" encoding="UTF-8" standalone="yes" ?>
<CodeBlocks_project_file>
	<FileVersion major="1" minor="6" />
	<Project>
		<Option title="OpenGLProject" />
		<Option pch_mode="2" />
		<Option compiler="gcc" />
		<Build>
			<Target title="Debug">
				<Option output="bin/Debug/OpenGLProject" prefix_auto="1" extension_auto="1" />
				<Option object_output="obj/Debug/" />
				<Option type="1" />
				<Option compiler="gcc" />
				<Compiler>
					<Add option="-g" />
				</Compiler>
			</Target>
			<Target title="Release">
				<Option output="bin/Release/OpenGLProject" prefix_auto="1" extension_auto="1" />
				<Option object_output="obj/Release/" />
				<Option type="1" />
				<Option compiler="gcc" />
				<Compiler>
					<Add option="-O2" />
				</Compiler>
				<Linker>
					<Add option="-s" />
				</Linker>
			</Target>
		</Build>
		<Compiler>
			<Add option="-Wall" />
			<Add option="-fexceptions" />
		</Compiler>
		<Unit filename="camera.h" />
		<Unit filename="debugTimer.h" />
		<Unit filename="display.cpp" />
		<Unit filename="display.h" />
		<Unit filename="main.cpp" />
		<Unit filename="mesh.cpp" />
		<Unit filename="mesh.h" />
		<Unit filename="obj_loader.cpp" />
		<Unit filename="obj_loader.h" />
		<Unit filename="shader.cpp" />
		<Unit filename="shader.h" />
		<Unit filename="stb_image.c">
			<Option compilerVar="CC" />
		</Unit>
		<Unit filename="stb_image.h" />
		<Unit filename="texture.cpp" />
		<Unit filename="texture.h" />
		<Unit filename="transform.h" />
		<Unit filename="util.h" />
		<Extensions>
			<code_completion />
			<debugger />
		</Extensions>
	</Project>
</CodeBlocks_project_file>
